
Microsoft Visual Studio Solution File, Format Version 12.00
# Visual Studio Version 16
VisualStudioVersion = 16.0.31205.134
MinimumVisualStudioVersion = 10.0.40219.1
Project("{2150E333-8FDC-42A3-9474-1A3956D46DE8}") = "src", "src", "{F3910CE2-56DC-47C8-812C-41A4012AB74C}"
EndProject
Project("{2150E333-8FDC-42A3-9474-1A3956D46DE8}") = "BuildingBlocks", "BuildingBlocks", "{C5AC259A-EAC0-46C2-B951-D98FB25A8EC4}"
EndProject
Project("{2150E333-8FDC-42A3-9474-1A3956D46DE8}") = "Broker", "Broker", "{B3067FE9-707D-4C0D-A783-22B076760118}"
EndProject
Project("{2150E333-8FDC-42A3-9474-1A3956D46DE8}") = "Services", "Services", "{48D91C95-E2D4-4D91-AADB-389C9F311717}"
EndProject
Project("{2150E333-8FDC-42A3-9474-1A3956D46DE8}") = "Contours", "Contours", "{A87D667F-3C41-4CBD-BA3E-E8DB73F15AEE}"
EndProject
Project("{2150E333-8FDC-42A3-9474-1A3956D46DE8}") = "Tests", "Tests", "{EC4C086A-8E90-4A9E-A1A2-2F41F9736C8B}"
EndProject
Project("{FAE04EC0-301F-11D3-BF4B-00C04F79EFBC}") = "AMQPBroker", "BuildingBlocks\Broker\AMQPBroker\AMQPBroker.csproj", "{F7844980-7C12-442B-A5B7-17E25DE99C18}"
EndProject
Project("{2150E333-8FDC-42A3-9474-1A3956D46DE8}") = "Agents", "Agents", "{E4F4D686-17F7-4F70-A5A9-F4579293CED2}"
EndProject
Project("{FAE04EC0-301F-11D3-BF4B-00C04F79EFBC}") = "Agent Examples", "Countours\Agents\Agent Examples\Agent Examples.csproj", "{62C30356-C412-4190-B81D-AF78FE79B4CF}"
EndProject
Global
	GlobalSection(SolutionConfigurationPlatforms) = preSolution
		Debug|Any CPU = Debug|Any CPU
		Release|Any CPU = Release|Any CPU
	EndGlobalSection
	GlobalSection(ProjectConfigurationPlatforms) = postSolution
		{F7844980-7C12-442B-A5B7-17E25DE99C18}.Debug|Any CPU.ActiveCfg = Debug|Any CPU
		{F7844980-7C12-442B-A5B7-17E25DE99C18}.Debug|Any CPU.Build.0 = Debug|Any CPU
		{F7844980-7C12-442B-A5B7-17E25DE99C18}.Release|Any CPU.ActiveCfg = Release|Any CPU
		{F7844980-7C12-442B-A5B7-17E25DE99C18}.Release|Any CPU.Build.0 = Release|Any CPU
		{62C30356-C412-4190-B81D-AF78FE79B4CF}.Debug|Any CPU.ActiveCfg = Debug|Any CPU
		{62C30356-C412-4190-B81D-AF78FE79B4CF}.Debug|Any CPU.Build.0 = Debug|Any CPU
		{62C30356-C412-4190-B81D-AF78FE79B4CF}.Release|Any CPU.ActiveCfg = Release|Any CPU
		{62C30356-C412-4190-B81D-AF78FE79B4CF}.Release|Any CPU.Build.0 = Release|Any CPU
	EndGlobalSection
	GlobalSection(SolutionProperties) = preSolution
		HideSolutionNode = FALSE
	EndGlobalSection
	GlobalSection(ExtensibilityGlobals) = postSolution
		SolutionGuid = {07DE227C-5521-4EE3-9634-38250AAEBF08}
	EndGlobalSection
	GlobalSection(NestedProjects) = preSolution
		{C5AC259A-EAC0-46C2-B951-D98FB25A8EC4} = {F3910CE2-56DC-47C8-812C-41A4012AB74C}
		{B3067FE9-707D-4C0D-A783-22B076760118} = {C5AC259A-EAC0-46C2-B951-D98FB25A8EC4}
		{48D91C95-E2D4-4D91-AADB-389C9F311717} = {F3910CE2-56DC-47C8-812C-41A4012AB74C}
		{A87D667F-3C41-4CBD-BA3E-E8DB73F15AEE} = {F3910CE2-56DC-47C8-812C-41A4012AB74C}
		{EC4C086A-8E90-4A9E-A1A2-2F41F9736C8B} = {F3910CE2-56DC-47C8-812C-41A4012AB74C}
		{F7844980-7C12-442B-A5B7-17E25DE99C18} = {B3067FE9-707D-4C0D-A783-22B076760118}
		{E4F4D686-17F7-4F70-A5A9-F4579293CED2} = {A87D667F-3C41-4CBD-BA3E-E8DB73F15AEE}
		{62C30356-C412-4190-B81D-AF78FE79B4CF} = {E4F4D686-17F7-4F70-A5A9-F4579293CED2}
	EndGlobalSection
EndGlobal
